
Microsoft Visual Studio Solution File, Format Version 12.00
# Visual Studio Version 17
VisualStudioVersion = 17.10.34928.147
MinimumVisualStudioVersion = 10.0.40219.1
Project("{FAE04EC0-301F-11D3-BF4B-00C04F79EFBC}") = "client2", "client2\client2.csproj", "{910407E8-6CAB-4A88-B09F-A84A31F70B4E}"
EndProject
Global
	GlobalSection(SolutionConfigurationPlatforms) = preSolution
		Debug|Any CPU = Debug|Any CPU
		Release|Any CPU = Release|Any CPU
	EndGlobalSection
	GlobalSection(ProjectConfigurationPlatforms) = postSolution
		{910407E8-6CAB-4A88-B09F-A84A31F70B4E}.Debug|Any CPU.ActiveCfg = Debug|Any CPU
		{910407E8-6CAB-4A88-B09F-A84A31F70B4E}.Debug|Any CPU.Build.0 = Debug|Any CPU
		{910407E8-6CAB-4A88-B09F-A84A31F70B4E}.Release|Any CPU.ActiveCfg = Release|Any CPU
		{910407E8-6CAB-4A88-B09F-A84A31F70B4E}.Release|Any CPU.Build.0 = Release|Any CPU
	EndGlobalSection
	GlobalSection(SolutionProperties) = preSolution
		HideSolutionNode = FALSE
	EndGlobalSection
	GlobalSection(ExtensibilityGlobals) = postSolution
		SolutionGuid = {8D0E469F-2053-49EB-9A2E-2B8A34B657EF}
	EndGlobalSection
EndGlobal
